
Microsoft Visual Studio Solution File, Format Version 12.00
# Visual Studio Version 16
VisualStudioVersion = 16.0.31205.134
MinimumVisualStudioVersion = 10.0.40219.1
Project("{8BC9CEB8-8B4A-11D0-8D11-00A0C91BC942}") = "ImageDLL", "ImageDLL\ImageDLL.vcxproj", "{20CC8B88-16E7-4EF1-A3FC-B986184347F0}"
EndProject
Project("{8BC9CEB8-8B4A-11D0-8D11-00A0C91BC942}") = "ImageDLLTest", "ImageDLLTest\ImageDLLTest.vcxproj", "{ECF5277D-3148-4034-AC52-6AD02C4E55C9}"
	ProjectSection(ProjectDependencies) = postProject
		{20CC8B88-16E7-4EF1-A3FC-B986184347F0} = {20CC8B88-16E7-4EF1-A3FC-B986184347F0}
	EndProjectSection
EndProject
Project("{8BC9CEB8-8B4A-11D0-8D11-00A0C91BC942}") = "ImageTest", "ImageTest\ImageTest.vcxproj", "{5652603E-4C98-4BC5-9DEF-8A7EF572D1BC}"
EndProject
Project("{FAE04EC0-301F-11D3-BF4B-00C04F79EFBC}") = "ImageDLLTest_CSharp", "ImageDLLTest_CSharp\ImageDLLTest_CSharp.csproj", "{68FFA7DE-5085-4B75-8967-65B20B9C392E}"
EndProject
Global
	GlobalSection(SolutionConfigurationPlatforms) = preSolution
		Debug|Any CPU = Debug|Any CPU
		Debug|x64 = Debug|x64
		Debug|x86 = Debug|x86
		Release|Any CPU = Release|Any CPU
		Release|x64 = Release|x64
		Release|x86 = Release|x86
	EndGlobalSection
	GlobalSection(ProjectConfigurationPlatforms) = postSolution
		{20CC8B88-16E7-4EF1-A3FC-B986184347F0}.Debug|Any CPU.ActiveCfg = Debug|Win32
		{20CC8B88-16E7-4EF1-A3FC-B986184347F0}.Debug|x64.ActiveCfg = Debug|x64
		{20CC8B88-16E7-4EF1-A3FC-B986184347F0}.Debug|x64.Build.0 = Debug|x64
		{20CC8B88-16E7-4EF1-A3FC-B986184347F0}.Debug|x86.ActiveCfg = Debug|Win32
		{20CC8B88-16E7-4EF1-A3FC-B986184347F0}.Debug|x86.Build.0 = Debug|Win32
		{20CC8B88-16E7-4EF1-A3FC-B986184347F0}.Release|Any CPU.ActiveCfg = Release|Win32
		{20CC8B88-16E7-4EF1-A3FC-B986184347F0}.Release|x64.ActiveCfg = Release|x64
		{20CC8B88-16E7-4EF1-A3FC-B986184347F0}.Release|x64.Build.0 = Release|x64
		{20CC8B88-16E7-4EF1-A3FC-B986184347F0}.Release|x86.ActiveCfg = Release|Win32
		{20CC8B88-16E7-4EF1-A3FC-B986184347F0}.Release|x86.Build.0 = Release|Win32
		{ECF5277D-3148-4034-AC52-6AD02C4E55C9}.Debug|Any CPU.ActiveCfg = Debug|Win32
		{ECF5277D-3148-4034-AC52-6AD02C4E55C9}.Debug|x64.ActiveCfg = Debug|x64
		{ECF5277D-3148-4034-AC52-6AD02C4E55C9}.Debug|x64.Build.0 = Debug|x64
		{ECF5277D-3148-4034-AC52-6AD02C4E55C9}.Debug|x86.ActiveCfg = Debug|Win32
		{ECF5277D-3148-4034-AC52-6AD02C4E55C9}.Debug|x86.Build.0 = Debug|Win32
		{ECF5277D-3148-4034-AC52-6AD02C4E55C9}.Release|Any CPU.ActiveCfg = Release|Win32
		{ECF5277D-3148-4034-AC52-6AD02C4E55C9}.Release|x64.ActiveCfg = Release|x64
		{ECF5277D-3148-4034-AC52-6AD02C4E55C9}.Release|x64.Build.0 = Release|x64
		{ECF5277D-3148-4034-AC52-6AD02C4E55C9}.Release|x86.ActiveCfg = Release|Win32
		{ECF5277D-3148-4034-AC52-6AD02C4E55C9}.Release|x86.Build.0 = Release|Win32
		{5652603E-4C98-4BC5-9DEF-8A7EF572D1BC}.Debug|Any CPU.ActiveCfg = Debug|Win32
		{5652603E-4C98-4BC5-9DEF-8A7EF572D1BC}.Debug|x64.ActiveCfg = Debug|x64
		{5652603E-4C98-4BC5-9DEF-8A7EF572D1BC}.Debug|x64.Build.0 = Debug|x64
		{5652603E-4C98-4BC5-9DEF-8A7EF572D1BC}.Debug|x86.ActiveCfg = Debug|Win32
		{5652603E-4C98-4BC5-9DEF-8A7EF572D1BC}.Debug|x86.Build.0 = Debug|Win32
		{5652603E-4C98-4BC5-9DEF-8A7EF572D1BC}.Release|Any CPU.ActiveCfg = Release|Win32
		{5652603E-4C98-4BC5-9DEF-8A7EF572D1BC}.Release|x64.ActiveCfg = Release|x64
		{5652603E-4C98-4BC5-9DEF-8A7EF572D1BC}.Release|x64.Build.0 = Release|x64
		{5652603E-4C98-4BC5-9DEF-8A7EF572D1BC}.Release|x86.ActiveCfg = Release|Win32
		{5652603E-4C98-4BC5-9DEF-8A7EF572D1BC}.Release|x86.Build.0 = Release|Win32
		{68FFA7DE-5085-4B75-8967-65B20B9C392E}.Debug|Any CPU.ActiveCfg = Debug|Any CPU
		{68FFA7DE-5085-4B75-8967-65B20B9C392E}.Debug|Any CPU.Build.0 = Debug|Any CPU
		{68FFA7DE-5085-4B75-8967-65B20B9C392E}.Debug|x64.ActiveCfg = Debug|Any CPU
		{68FFA7DE-5085-4B75-8967-65B20B9C392E}.Debug|x64.Build.0 = Debug|Any CPU
		{68FFA7DE-5085-4B75-8967-65B20B9C392E}.Debug|x86.ActiveCfg = Debug|Any CPU
		{68FFA7DE-5085-4B75-8967-65B20B9C392E}.Debug|x86.Build.0 = Debug|Any CPU
		{68FFA7DE-5085-4B75-8967-65B20B9C392E}.Release|Any CPU.ActiveCfg = Release|Any CPU
		{68FFA7DE-5085-4B75-8967-65B20B9C392E}.Release|Any CPU.Build.0 = Release|Any CPU
		{68FFA7DE-5085-4B75-8967-65B20B9C392E}.Release|x64.ActiveCfg = Release|Any CPU
		{68FFA7DE-5085-4B75-8967-65B20B9C392E}.Release|x64.Build.0 = Release|Any CPU
		{68FFA7DE-5085-4B75-8967-65B20B9C392E}.Release|x86.ActiveCfg = Release|Any CPU
		{68FFA7DE-5085-4B75-8967-65B20B9C392E}.Release|x86.Build.0 = Release|Any CPU
	EndGlobalSection
	GlobalSection(SolutionProperties) = preSolution
		HideSolutionNode = FALSE
	EndGlobalSection
	GlobalSection(ExtensibilityGlobals) = postSolution
		SolutionGuid = {4BF876F1-8475-443A-8A72-570A05180C55}
	EndGlobalSection
EndGlobal
